
Microsoft Visual Studio Solution File, Format Version 12.00
# Visual Studio 15
VisualStudioVersion = 15.0.28307.438
MinimumVisualStudioVersion = 10.0.40219.1
Project("{FAE04EC0-301F-11D3-BF4B-00C04F79EFBC}") = "SolarSystem", "SolarSystem\SolarSystem.csproj", "{EB75451A-4A24-488F-83A4-3032C1D7089B}"
EndProject
Global
	GlobalSection(SolutionConfigurationPlatforms) = preSolution
		Debug|Any CPU = Debug|Any CPU
		Release|Any CPU = Release|Any CPU
	EndGlobalSection
	GlobalSection(ProjectConfigurationPlatforms) = postSolution
		{EB75451A-4A24-488F-83A4-3032C1D7089B}.Debug|Any CPU.ActiveCfg = Debug|Any CPU
		{EB75451A-4A24-488F-83A4-3032C1D7089B}.Debug|Any CPU.Build.0 = Debug|Any CPU
		{EB75451A-4A24-488F-83A4-3032C1D7089B}.Release|Any CPU.ActiveCfg = Release|Any CPU
		{EB75451A-4A24-488F-83A4-3032C1D7089B}.Release|Any CPU.Build.0 = Release|Any CPU
	EndGlobalSection
	GlobalSection(SolutionProperties) = preSolution
		HideSolutionNode = FALSE
	EndGlobalSection
	GlobalSection(ExtensibilityGlobals) = postSolution
		SolutionGuid = {F22AD6FE-EA33-4115-9C51-FC6FE12EDCF3}
	EndGlobalSection
EndGlobal
